
Microsoft Visual Studio Solution File, Format Version 12.00
Project("{FAE04EC0-301F-11D3-BF4B-00C04F79EFBC}") = "HelloWorld", "HelloWorld\HelloWorld.csproj", "{7CE3540A-BD43-497C-83EF-662B36800F84}"
EndProject
Project("{FAE04EC0-301F-11D3-BF4B-00C04F79EFBC}") = "OpenCVInstruments", "OpenCVInstruments\OpenCVInstruments.csproj", "{61A26FE8-A5D3-4774-AED8-638B23525A0E}"
EndProject
Project("{FAE04EC0-301F-11D3-BF4B-00C04F79EFBC}") = "PrototypeFileDialog", "PrototypeFileDialog\PrototypeFileDialog.csproj", "{3572D402-73E7-41F0-9464-58013A5BE1B8}"
EndProject
Project("{FAE04EC0-301F-11D3-BF4B-00C04F79EFBC}") = "OpenCVAnalyzer", "OpenCVAnalyzer\OpenCVAnalyzer.csproj", "{F2A7A29A-D87C-424D-924B-DB1F7586A9B9}"
EndProject
Global
	GlobalSection(SolutionConfigurationPlatforms) = preSolution
		Debug|Any CPU = Debug|Any CPU
		Release|Any CPU = Release|Any CPU
	EndGlobalSection
	GlobalSection(ProjectConfigurationPlatforms) = postSolution
		{7CE3540A-BD43-497C-83EF-662B36800F84}.Debug|Any CPU.ActiveCfg = Debug|Any CPU
		{7CE3540A-BD43-497C-83EF-662B36800F84}.Debug|Any CPU.Build.0 = Debug|Any CPU
		{7CE3540A-BD43-497C-83EF-662B36800F84}.Release|Any CPU.ActiveCfg = Release|Any CPU
		{7CE3540A-BD43-497C-83EF-662B36800F84}.Release|Any CPU.Build.0 = Release|Any CPU
		{61A26FE8-A5D3-4774-AED8-638B23525A0E}.Debug|Any CPU.ActiveCfg = Debug|Any CPU
		{61A26FE8-A5D3-4774-AED8-638B23525A0E}.Debug|Any CPU.Build.0 = Debug|Any CPU
		{61A26FE8-A5D3-4774-AED8-638B23525A0E}.Release|Any CPU.ActiveCfg = Release|Any CPU
		{61A26FE8-A5D3-4774-AED8-638B23525A0E}.Release|Any CPU.Build.0 = Release|Any CPU
		{3572D402-73E7-41F0-9464-58013A5BE1B8}.Debug|Any CPU.ActiveCfg = Debug|Any CPU
		{3572D402-73E7-41F0-9464-58013A5BE1B8}.Debug|Any CPU.Build.0 = Debug|Any CPU
		{3572D402-73E7-41F0-9464-58013A5BE1B8}.Release|Any CPU.ActiveCfg = Release|Any CPU
		{3572D402-73E7-41F0-9464-58013A5BE1B8}.Release|Any CPU.Build.0 = Release|Any CPU
		{F2A7A29A-D87C-424D-924B-DB1F7586A9B9}.Debug|Any CPU.ActiveCfg = Debug|Any CPU
		{F2A7A29A-D87C-424D-924B-DB1F7586A9B9}.Debug|Any CPU.Build.0 = Debug|Any CPU
		{F2A7A29A-D87C-424D-924B-DB1F7586A9B9}.Release|Any CPU.ActiveCfg = Release|Any CPU
		{F2A7A29A-D87C-424D-924B-DB1F7586A9B9}.Release|Any CPU.Build.0 = Release|Any CPU
	EndGlobalSection
EndGlobal
